hash: 919576a2048f7241c81556461908c695f962a9a5360d7fc4b4e986abaff74a63
updated: 2016-10-17T15:55:29.408984576+03:00
imports:
- name: github.com/go-playground/form
  version: d18f24949d2fcf4b367cff1424a9e1a60dd5507f
- name: github.com/go-playground/lars
  version: b29f7cf0a3024620bca76876b51d395d300a5ac0
- name: github.com/go-playground/locales
  version: e09c334054e376ba0c75ebb8dcdf36a4733f1772
  subpackages:
  - currency
- name: github.com/go-playground/universal-translator
  version: fc73d0c4bd37070e0d34e3647253565ff7847264
- name: github.com/gorilla/websocket
  version: 2d1e4548da234d9cb742cc3628556fef86aafbac
- name: golang.org/x/net
  version: cf4effbb9db1f3ef07f7e1891402991b6afbb276
  subpackages:
  - context
- name: gopkg.in/go-playground/validator.v8
  version: 493dfb6209fcb493fcdbc2a0f14b882f2d53979f
- name: gopkg.in/mgo.v2
  version: 3f83fa5005286a7fe593b055f0d7771a7dce4655
  subpackages:
  - bson
  - internal/json
  - internal/sasl
  - internal/scram
testImports: []
